// !$*UTF8*$!
{
	archiveVersion = 1;
	classes = {
	};
	objectVersion = 46;
	objects = {

/* Begin PBXBuildFile section */
		294893E31C9FF8E000D79958 /* main.m in Sources */ = {isa = PBXBuildFile; fileRef = 294893E21C9FF8E000D79958 /* main.m */; };
		294893E61C9FF8E000D79958 /* AppDelegate.m in Sources */ = {isa = PBXBuildFile; fileRef = 294893E51C9FF8E000D79958 /* AppDelegate.m */; };
		294893E91C9FF8E000D79958 /* ViewController.m in Sources */ = {isa = PBXBuildFile; fileRef = 294893E81C9FF8E000D79958 /* ViewController.m */; };
		294893EC1C9FF8E000D79958 /* Main.storyboard in Resources */ = {isa = PBXBuildFile; fileRef = 294893EA1C9FF8E000D79958 /* Main.storyboard */; };
		294893EE1C9FF8E000D79958 /* Assets.xcassets in Resources */ = {isa = PBXBuildFile; fileRef = 294893ED1C9FF8E000D79958 /* Assets.xcassets */; };
		294893F11C9FF8E000D79958 /* LaunchScreen.storyboard in Resources */ = {isa = PBXBuildFile; fileRef = 294893EF1C9FF8E000D79958 /* LaunchScreen.storyboard */; };
		294894011C9FFCFC00D79958 /* NKRecordManager.m in Sources */ = {isa = PBXBuildFile; fileRef = 294893FA1C9FFCFC00D79958 /* NKRecordManager.m */; };
		294894021C9FFCFC00D79958 /* NSObject+Extension.m in Sources */ = {isa = PBXBuildFile; fileRef = 294893FC1C9FFCFC00D79958 /* NSObject+Extension.m */; };
		294894031C9FFCFC00D79958 /* RPPreviewViewController+Hook.m in Sources */ = {isa = PBXBuildFile; fileRef = 294893FE1C9FFCFC00D79958 /* RPPreviewViewController+Hook.m */; };
		294894041C9FFCFC00D79958 /* UIResponder+Log.m in Sources */ = {isa = PBXBuildFile; fileRef = 294894001C9FFCFC00D79958 /* UIResponder+Log.m */; };
		294894061C9FFD3B00D79958 /* ReplayKit.framework in Frameworks */ = {isa = PBXBuildFile; fileRef = 294894051C9FFD3B00D79958 /* ReplayKit.framework */; };
/* End PBXBuildFile section */

/* Begin PBXFileReference section */
		294893DE1C9FF8E000D79958 /* RecordScreen-iOS9+.app */ = {isa = PBXFileReference; explicitFileType = wrapper.application; includeInIndex = 0; path = "RecordScreen-iOS9+.app"; sourceTree = BUILT_PRODUCTS_DIR; };
		294893E21C9FF8E000D79958 /* main.m */ = {isa = PBXFileReference; lastKnownFileType = sourcecode.c.objc; path = main.m; sourceTree = "<group>"; };
		294893E41C9FF8E000D79958 /* AppDelegate.h */ = {isa = PBXFileReference; lastKnownFileType = sourcecode.c.h; path = AppDelegate.h; sourceTree = "<group>"; };
		294893E51C9FF8E000D79958 /* AppDelegate.m */ = {isa = PBXFileReference; lastKnownFileType = sourcecode.c.objc; path = AppDelegate.m; sourceTree = "<group>"; };
		294893E71C9FF8E000D79958 /* ViewController.h */ = {isa = PBXFileReference; lastKnownFileType = sourcecode.c.h; path = ViewController.h; sourceTree = "<group>"; };
		294893E81C9FF8E000D79958 /* ViewController.m */ = {isa = PBXFileReference; lastKnownFileType = sourcecode.c.objc; path = ViewController.m; sourceTree = "<group>"; };
		294893EB1C9FF8E000D79958 /* Base */ = {isa = PBXFileReference; lastKnownFileType = file.storyboard; name = Base; path = Base.lproj/Main.storyboard; sourceTree = "<group>"; };
		294893ED1C9FF8E000D79958 /* Assets.xcassets */ = {isa = PBXFileReference; lastKnownFileType = folder.assetcatalog; path = Assets.xcassets; sourceTree = "<group>"; };
		294893F01C9FF8E000D79958 /* Base */ = {isa = PBXFileReference; lastKnownFileType = file.storyboard; name = Base; path = Base.lproj/LaunchScreen.storyboard; sourceTree = "<group>"; };
		294893F21C9FF8E000D79958 /* Info.plist */ = {isa = PBXFileReference; lastKnownFileType = text.plist.xml; path = Info.plist; sourceTree = "<group>"; };
		294893F91C9FFCFC00D79958 /* NKRecordManager.h */ = {isa = PBXFileReference; fileEncoding = 4; lastKnownFileType = sourcecode.c.h; path = NKRecordManager.h; sourceTree = "<group>"; };
		294893FA1C9FFCFC00D79958 /* NKRecordManager.m */ = {isa = PBXFileReference; fileEncoding = 4; lastKnownFileType = sourcecode.c.objc; path = NKRecordManager.m; sourceTree = "<group>"; };
		294893FB1C9FFCFC00D79958 /* NSObject+Extension.h */ = {isa = PBXFileReference; fileEncoding = 4; lastKnownFileType = sourcecode.c.h; path = "NSObject+Extension.h"; sourceTree = "<group>"; };
		294893FC1C9FFCFC00D79958 /* NSObject+Extension.m */ = {isa = PBXFileReference; fileEncoding = 4; lastKnownFileType = sourcecode.c.objc; path = "NSObject+Extension.m"; sourceTree = "<group>"; };
		294893FD1C9FFCFC00D79958 /* RPPreviewViewController+Hook.h */ = {isa = PBXFileReference; fileEncoding = 4; lastKnownFileType = sourcecode.c.h; path = "RPPreviewViewController+Hook.h"; sourceTree = "<group>"; };
		294893FE1C9FFCFC00D79958 /* RPPreviewViewController+Hook.m */ = {isa = PBXFileReference; fileEncoding = 4; lastKnownFileType = sourcecode.c.objc; path = "RPPreviewViewController+Hook.m"; sourceTree = "<group>"; };
		294893FF1C9FFCFC00D79958 /* UIResponder+Log.h */ = {isa = PBXFileReference; fileEncoding = 4; lastKnownFileType = sourcecode.c.h; path = "UIResponder+Log.h"; sourceTree = "<group>"; };
		294894001C9FFCFC00D79958 /* UIResponder+Log.m */ = {isa = PBXFileReference; fileEncoding = 4; lastKnownFileType = sourcecode.c.objc; path = "UIResponder+Log.m"; sourceTree = "<group>"; };
		294894051C9FFD3B00D79958 /* ReplayKit.framework */ = {isa = PBXFileReference; lastKnownFileType = wrapper.framework; name = ReplayKit.framework; path = System/Library/Frameworks/ReplayKit.framework; sourceTree = SDKROOT; };
/* End PBXFileReference section */

/* Begin PBXFrameworksBuildPhase section */
		294893DB1C9FF8E000D79958 /* Frameworks */ = {
			isa = PBXFrameworksBuildPhase;
			buildActionMask = 2147483647;
			files = (
				294894061C9FFD3B00D79958 /* ReplayKit.framework in Frameworks */,
			);
			runOnlyForDeploymentPostprocessing = 0;
		};
/* End PBXFrameworksBuildPhase section */

/* Begin PBXGroup section */
		294893D51C9FF8E000D79958 = {
			isa = PBXGroup;
			children = (
				294894051C9FFD3B00D79958 /* ReplayKit.framework */,
				294893E01C9FF8E000D79958 /* RecordScreen-iOS9+ */,
				294893DF1C9FF8E000D79958 /* Products */,
			);
			sourceTree = "<group>";
		};
		294893DF1C9FF8E000D79958 /* Products */ = {
			isa = PBXGroup;
			children = (
				294893DE1C9FF8E000D79958 /* RecordScreen-iOS9+.app */,
			);
			name = Products;
			sourceTree = "<group>";
		};
		294893E01C9FF8E000D79958 /* RecordScreen-iOS9+ */ = {
			isa = PBXGroup;
			children = (
				294893F81C9FFCFC00D79958 /* RecordScreen */,
				294893E41C9FF8E000D79958 /* AppDelegate.h */,
				294893E51C9FF8E000D79958 /* AppDelegate.m */,
				294893E71C9FF8E000D79958 /* ViewController.h */,
				294893E81C9FF8E000D79958 /* ViewController.m */,
				294893EA1C9FF8E000D79958 /* Main.storyboard */,
				294893ED1C9FF8E000D79958 /* Assets.xcassets */,
				294893EF1C9FF8E000D79958 /* LaunchScreen.storyboard */,
				294893F21C9FF8E000D79958 /* Info.plist */,
				294893E11C9FF8E000D79958 /* Supporting Files */,
			);
			path = "RecordScreen-iOS9+";
			sourceTree = "<group>";
		};
		294893E11C9FF8E000D79958 /* Supporting Files */ = {
			isa = PBXGroup;
			children = (
				294893E21C9FF8E000D79958 /* main.m */,
			);
			name = "Supporting Files";
			sourceTree = "<group>";
		};
		294893F81C9FFCFC00D79958 /* RecordScreen */ = {
			isa = PBXGroup;
			children = (
				294893F91C9FFCFC00D79958 /* NKRecordManager.h */,
				294893FA1C9FFCFC00D79958 /* NKRecordManager.m */,
				294893FB1C9FFCFC00D79958 /* NSObject+Extension.h */,
				294893FC1C9FFCFC00D79958 /* NSObject+Extension.m */,
				294893FD1C9FFCFC00D79958 /* RPPreviewViewController+Hook.h */,
				294893FE1C9FFCFC00D79958 /* RPPreviewViewController+Hook.m */,
				294893FF1C9FFCFC00D79958 /* UIResponder+Log.h */,
				294894001C9FFCFC00D79958 /* UIResponder+Log.m */,
			);
			path = RecordScreen;
			sourceTree = "<group>";
		};
/* End PBXGroup section */

/* Begin PBXNativeTarget section */
		294893DD1C9FF8E000D79958 /* RecordScreen-iOS9+ */ = {
			isa = PBXNativeTarget;
			buildConfigurationList = 294893F51C9FF8E000D79958 /* Build configuration list for PBXNativeTarget "RecordScreen-iOS9+" */;
			buildPhases = (
				294893DA1C9FF8E000D79958 /* Sources */,
				294893DB1C9FF8E000D79958 /* Frameworks */,
				294893DC1C9FF8E000D79958 /* Resources */,
			);
			buildRules = (
			);
			dependencies = (
			);
			name = "RecordScreen-iOS9+";
			productName = "RecordScreen-iOS9+";
			productReference = 294893DE1C9FF8E000D79958 /* RecordScreen-iOS9+.app */;
			productType = "com.apple.product-type.application";
		};
/* End PBXNativeTarget section */

/* Begin PBXProject section */
		294893D61C9FF8E000D79958 /* Project object */ = {
			isa = PBXProject;
			attributes = {
				LastUpgradeCheck = 0730;
				ORGANIZATIONNAME = KyleWong;
				TargetAttributes = {
					294893DD1C9FF8E000D79958 = {
						CreatedOnToolsVersion = 7.3;
					};
				};
			};
			buildConfigurationList = 294893D91C9FF8E000D79958 /* Build configuration list for PBXProject "RecordScreen-iOS9+" */;
			compatibilityVersion = "Xcode 3.2";
			developmentRegion = English;
			hasScannedForEncodings = 0;
			knownRegions = (
				en,
				Base,
			);
			mainGroup = 294893D51C9FF8E000D79958;
			productRefGroup = 294893DF1C9FF8E000D79958 /* Products */;
			projectDirPath = "";
			projectRoot = "";
			targets = (
				294893DD1C9FF8E000D79958 /* RecordScreen-iOS9+ */,
			);
		};
/* End PBXProject section */

/* Begin PBXResourcesBuildPhase section */
		294893DC1C9FF8E000D79958 /* Resources */ = {
			isa = PBXResourcesBuildPhase;
			buildActionMask = 2147483647;
			files = (
				294893F11C9FF8E000D79958 /* LaunchScreen.storyboard in Resources */,
				294893EE1C9FF8E000D79958 /* Assets.xcassets in Resources */,
				294893EC1C9FF8E000D79958 /* Main.storyboard in Resources */,
			);
			runOnlyForDeploymentPostprocessing = 0;
		};
/* End PBXResourcesBuildPhase section */

/* Begin PBXSourcesBuildPhase section */
		294893DA1C9FF8E000D79958 /* Sources */ = {
			isa = PBXSourcesBuildPhase;
			buildActionMask = 2147483647;
			files = (
				294893E91C9FF8E000D79958 /* ViewController.m in Sources */,
				294893E61C9FF8E000D79958 /* AppDelegate.m in Sources */,
				294894041C9FFCFC00D79958 /* UIResponder+Log.m in Sources */,
				294894031C9FFCFC00D79958 /* RPPreviewViewController+Hook.m in Sources */,
				294894021C9FFCFC00D79958 /* NSObject+Extension.m in Sources */,
				294893E31C9FF8E000D79958 /* main.m in Sources */,
				294894011C9FFCFC00D79958 /* NKRecordManager.m in Sources */,
			);
			runOnlyForDeploymentPostprocessing = 0;
		};
/* End PBXSourcesBuildPhase section */

/* Begin PBXVariantGroup section */
		294893EA1C9FF8E000D79958 /* Main.storyboard */ = {
			isa = PBXVariantGroup;
			children = (
				294893EB1C9FF8E000D79958 /* Base */,
			);
			name = Main.storyboard;
			sourceTree = "<group>";
		};
		294893EF1C9FF8E000D79958 /* LaunchScreen.storyboard */ = {
			isa = PBXVariantGroup;
			children = (
				294893F01C9FF8E000D79958 /* Base */,
			);
			name = LaunchScreen.storyboard;
			sourceTree = "<group>";
		};
/* End PBXVariantGroup section */

/* Begin XCBuildConfiguration section */
		294893F31C9FF8E000D79958 /* Debug */ = {
			isa = XCBuildConfiguration;
			buildSettings = {
				ALWAYS_SEARCH_USER_PATHS = NO;
				CLANG_ANALYZER_NONNULL = YES;
				CLANG_CXX_LANGUAGE_STANDARD = "gnu++0x";
				CLANG_CXX_LIBRARY = "libc++";
				CLANG_ENABLE_MODULES = YES;
				CLANG_ENABLE_OBJC_ARC = YES;
				CLANG_WARN_BOOL_CONVERSION = YES;
				CLANG_WARN_CONSTANT_CONVERSION = YES;
				CLANG_WARN_DIRECT_OBJC_ISA_USAGE = YES_ERROR;
				CLANG_WARN_EMPTY_BODY = YES;
				CLANG_WARN_ENUM_CONVERSION = YES;
				CLANG_WARN_INT_CONVERSION = YES;
				CLANG_WARN_OBJC_ROOT_CLASS = YES_ERROR;
				CLANG_WARN_UNREACHABLE_CODE = YES;
				CLANG_WARN__DUPLICATE_METHOD_MATCH = YES;
				"CODE_SIGN_IDENTITY[sdk=iphoneos*]" = "iPhone Developer";
				COPY_PHASE_STRIP = NO;
				DEBUG_INFORMATION_FORMAT = dwarf;
				ENABLE_STRICT_OBJC_MSGSEND = YES;
				ENABLE_TESTABILITY = YES;
				GCC_C_LANGUAGE_STANDARD = gnu99;
				GCC_DYNAMIC_NO_PIC = NO;
				GCC_NO_COMMON_BLOCKS = YES;
				GCC_OPTIMIZATION_LEVEL = 0;
				GCC_PREPROCESSOR_DEFINITIONS = (
					"DEBUG=1",
					"$(inherited)",
				);
				GCC_WARN_64_TO_32_BIT_CONVERSION = YES;
				GCC_WARN_ABOUT_RETURN_TYPE = YES_ERROR;
				GCC_WARN_UNDECLARED_SELECTOR = YES;
				GCC_WARN_UNINITIALIZED_AUTOS = YES_AGGRESSIVE;
				GCC_WARN_UNUSED_FUNCTION = YES;
				GCC_WARN_UNUSED_VARIABLE = YES;
				IPHONEOS_DEPLOYMENT_TARGET = 9.3;
				MTL_ENABLE_DEBUG_INFO = YES;
				ONLY_ACTIVE_ARCH = YES;
				SDKROOT = iphoneos;
			};
			name = Debug;
		};
		294893F41C9FF8E000D79958 /* Release */ = {
			isa = XCBuildConfiguration;
			buildSettings = {
				ALWAYS_SEARCH_USER_PATHS = NO;
				CLANG_ANALYZER_NONNULL = YES;
				CLANG_CXX_LANGUAGE_STANDARD = "gnu++0x";
				CLANG_CXX_LIBRARY = "libc++";
				CLANG_ENABLE_MODULES = YES;
				CLANG_ENABLE_OBJC_ARC = YES;
				CLANG_WARN_BOOL_CONVERSION = YES;
				CLANG_WARN_CONSTANT_CONVERSION = YES;
				CLANG_WARN_DIRECT_OBJC_ISA_USAGE = YES_ERROR;
				CLANG_WARN_EMPTY_BODY = YES;
				CLANG_WARN_ENUM_CONVERSION = YES;
				CLANG_WARN_INT_CONVERSION = YES;
				CLANG_WARN_OBJC_ROOT_CLASS = YES_ERROR;
				CLANG_WARN_UNREACHABLE_CODE = YES;
				CLANG_WARN__DUPLICATE_METHOD_MATCH = YES;
				"CODE_SIGN_IDENTITY[sdk=iphoneos*]" = "iPhone Developer";
				COPY_PHASE_STRIP = NO;
				DEBUG_INFORMATION_FORMAT = "dwarf-with-dsym";
				ENABLE_NS_ASSERTIONS = NO;
				ENABLE_STRICT_OBJC_MSGSEND = YES;
				GCC_C_LANGUAGE_STANDARD = gnu99;
				GCC_NO_COMMON_BLOCKS = YES;
				GCC_WARN_64_TO_32_BIT_CONVERSION = YES;
				GCC_WARN_ABOUT_RETURN_TYPE = YES_ERROR;
				GCC_WARN_UNDECLARED_SELECTOR = YES;
				GCC_WARN_UNINITIALIZED_AUTOS = YES_AGGRESSIVE;
				GCC_WARN_UNUSED_FUNCTION = YES;
				GCC_WARN_UNUSED_VARIABLE = YES;
				IPHONEOS_DEPLOYMENT_TARGET = 9.3;
				MTL_ENABLE_DEBUG_INFO = NO;
				SDKROOT = iphoneos;
				VALIDATE_PRODUCT = YES;
			};
			name = Release;
		};
		294893F61C9FF8E000D79958 /* Debug */ = {
			isa = XCBuildConfiguration;
			buildSettings = {
				ASSETCATALOG_COMPILER_APPICON_NAME = AppIcon;
				CODE_SIGN_IDENTITY = "iPhone Developer: Cheng Wen (BB497QKV5S)";
				INFOPLIST_FILE = "RecordScreen-iOS9+/Info.plist";
				IPHONEOS_DEPLOYMENT_TARGET = 9.0;
				LD_RUNPATH_SEARCH_PATHS = "$(inherited) @executable_path/Frameworks";
				PRODUCT_BUNDLE_IDENTIFIER = com.kuaidi.liangjian;
				PRODUCT_NAME = "$(TARGET_NAME)";
				PROVISIONING_PROFILE = "970bfe42-09b7-464e-936c-320e92a70726";
			};
			name = Debug;
		};
		294893F71C9FF8E000D79958 /* Release */ = {
			isa = XCBuildConfiguration;
			buildSettings = {
				ASSETCATALOG_COMPILER_APPICON_NAME = AppIcon;
				CODE_SIGN_IDENTITY = "iPhone Developer: Cheng Wen (BB497QKV5S)";
				INFOPLIST_FILE = "RecordScreen-iOS9+/Info.plist";
				IPHONEOS_DEPLOYMENT_TARGET = 9.0;
				LD_RUNPATH_SEARCH_PATHS = "$(inherited) @executable_path/Frameworks";
				PRODUCT_BUNDLE_IDENTIFIER = com.kuaidi.liangjian;
				PRODUCT_NAME = "$(TARGET_NAME)";
				PROVISIONING_PROFILE = "970bfe42-09b7-464e-936c-320e92a70726";
			};
			name = Release;
		};
/* End XCBuildConfiguration section */

/* Begin XCConfigurationList section */
		294893D91C9FF8E000D79958 /* Build configuration list for PBXProject "RecordScreen-iOS9+" */ = {
			isa = XCConfigurationList;
			buildConfigurations = (
				294893F31C9FF8E000D79958 /* Debug */,
				294893F41C9FF8E000D79958 /* Release */,
			);
			defaultConfigurationIsVisible = 0;
			defaultConfigurationName = Release;
		};
		294893F51C9FF8E000D79958 /* Build configuration list for PBXNativeTarget "RecordScreen-iOS9+" */ = {
			isa = XCConfigurationList;
			buildConfigurations = (
				294893F61C9FF8E000D79958 /* Debug */,
				294893F71C9FF8E000D79958 /* Release */,
			);
			defaultConfigurationIsVisible = 0;
			defaultConfigurationName = Release;
		};
/* End XCConfigurationList section */
	};
	rootObject = 294893D61C9FF8E000D79958 /* Project object */;
}
